{
  "name": "robopaint",
  "version": "2.1.0",
  "lockfileVersion": 1,
  "requires": true,
  "dependencies": {
    "robopaint-mode-remote": {
      "version": "github:michaelLovesCoke/robopaint-mode-remote#fc76de2d55f46c4c99d0d29bc21b7cb3d0c6f0d9",
      "from": "github:michaelLovesCoke/robopaint-mode-remote#master"
    }
  }
}
